
Microsoft Visual Studio Solution File, Format Version 12.00
# Visual Studio 2013
VisualStudioVersion = 12.0.30723.0
MinimumVisualStudioVersion = 10.0.40219.1
Project("{FAE04EC0-301F-11D3-BF4B-00C04F79EFBC}") = "Лаба_3", "Лаба_3\Лаба_3.csproj", "{44FF8A4F-7817-4547-A9DB-E864E9EFDC1E}"
EndProject
Global
	GlobalSection(SolutionConfigurationPlatforms) = preSolution
		Debug|Any CPU = Debug|Any CPU
		Release|Any CPU = Release|Any CPU
	EndGlobalSection
	GlobalSection(ProjectConfigurationPlatforms) = postSolution
		{44FF8A4F-7817-4547-A9DB-E864E9EFDC1E}.Debug|Any CPU.ActiveCfg = Debug|Any CPU
		{44FF8A4F-7817-4547-A9DB-E864E9EFDC1E}.Debug|Any CPU.Build.0 = Debug|Any CPU
		{44FF8A4F-7817-4547-A9DB-E864E9EFDC1E}.Release|Any CPU.ActiveCfg = Release|Any CPU
		{44FF8A4F-7817-4547-A9DB-E864E9EFDC1E}.Release|Any CPU.Build.0 = Release|Any CPU
	EndGlobalSection
	GlobalSection(SolutionProperties) = preSolution
		HideSolutionNode = FALSE
	EndGlobalSection
EndGlobal
